
Microsoft Visual Studio Solution File, Format Version 12.00
# Visual Studio 15
Project("{FAE04EC0-301F-11D3-BF4B-00C04F79EFBC}") = "CassandraSupplyCollector", "CassandraSupplyCollector\CassandraSupplyCollector.csproj", "{89016827-DA43-4B99-8B9E-81825428FB49}"
EndProject
Project("{FAE04EC0-301F-11D3-BF4B-00C04F79EFBC}") = "CassandraSupplyCollectorTests", "CassandraSupplyCollectorTests\CassandraSupplyCollectorTests.csproj", "{4FBEBF6D-6332-4F8A-B3DC-E56EA89F0655}"
EndProject
Global
	GlobalSection(SolutionConfigurationPlatforms) = preSolution
		Debug|Any CPU = Debug|Any CPU
		Release|Any CPU = Release|Any CPU
	EndGlobalSection
	GlobalSection(ProjectConfigurationPlatforms) = postSolution
		{89016827-DA43-4B99-8B9E-81825428FB49}.Debug|Any CPU.ActiveCfg = Debug|Any CPU
		{89016827-DA43-4B99-8B9E-81825428FB49}.Debug|Any CPU.Build.0 = Debug|Any CPU
		{89016827-DA43-4B99-8B9E-81825428FB49}.Release|Any CPU.ActiveCfg = Release|Any CPU
		{89016827-DA43-4B99-8B9E-81825428FB49}.Release|Any CPU.Build.0 = Release|Any CPU
		{4FBEBF6D-6332-4F8A-B3DC-E56EA89F0655}.Debug|Any CPU.ActiveCfg = Debug|Any CPU
		{4FBEBF6D-6332-4F8A-B3DC-E56EA89F0655}.Debug|Any CPU.Build.0 = Debug|Any CPU
		{4FBEBF6D-6332-4F8A-B3DC-E56EA89F0655}.Release|Any CPU.ActiveCfg = Release|Any CPU
		{4FBEBF6D-6332-4F8A-B3DC-E56EA89F0655}.Release|Any CPU.Build.0 = Release|Any CPU
	EndGlobalSection
EndGlobal
